{
  "name": "spc.js",
  "version": "1.0.0",
  "lockfileVersion": 1,
  "requires": true,
  "dependencies": {
    "fs": {
      "version": "0.0.1-security",
      "resolved": "https://registry.npmjs.org/fs/-/fs-0.0.1-security.tgz",
      "integrity": "sha1-invTcYa23d84E/I4WLV+yq9eQdQ=",
      "dev": true
    },
    "umd": {
      "version": "3.0.3",
      "resolved": "https://registry.npmjs.org/umd/-/umd-3.0.3.tgz",
      "integrity": "sha512-4IcGSufhFshvLNcMCV80UnQVlZ5pMOC8mvNPForqwA4+lzYQuetTESLDQkeLmihq8bRcnpbQa48Wb8Lh16/xow==",
      "dev": true
    }
  }
}
